// !$*UTF8*$!
{
	archiveVersion = 1;
	classes = {
	};
	objectVersion = 50;
	objects = {

/* Begin PBXBuildFile section */
		81A20DA82551054C003BBEBC /* AppDelegate.swift in Sources */ = {isa = PBXBuildFile; fileRef = 81A20DA72551054C003BBEBC /* AppDelegate.swift */; };
		81A20DAA2551054C003BBEBC /* SceneDelegate.swift in Sources */ = {isa = PBXBuildFile; fileRef = 81A20DA92551054C003BBEBC /* SceneDelegate.swift */; };
		81A20DAC2551054C003BBEBC /* ViewController.swift in Sources */ = {isa = PBXBuildFile; fileRef = 81A20DAB2551054C003BBEBC /* ViewController.swift */; };
		81A20DAF2551054C003BBEBC /* Main.storyboard in Resources */ = {isa = PBXBuildFile; fileRef = 81A20DAD2551054C003BBEBC /* Main.storyboard */; };
		81A20DB12551054E003BBEBC /* Assets.xcassets in Resources */ = {isa = PBXBuildFile; fileRef = 81A20DB02551054E003BBEBC /* Assets.xcassets */; };
		81A20DB42551054E003BBEBC /* LaunchScreen.storyboard in Resources */ = {isa = PBXBuildFile; fileRef = 81A20DB22551054E003BBEBC /* LaunchScreen.storyboard */; };
		81A20DBF2551054E003BBEBC /* WallamarvelTests.swift in Sources */ = {isa = PBXBuildFile; fileRef = 81A20DBE2551054E003BBEBC /* WallamarvelTests.swift */; };
		81A20DCA2551054E003BBEBC /* WallamarvelUITests.swift in Sources */ = {isa = PBXBuildFile; fileRef = 81A20DC92551054E003BBEBC /* WallamarvelUITests.swift */; };
/* End PBXBuildFile section */

/* Begin PBXContainerItemProxy section */
		81A20DBB2551054E003BBEBC /* PBXContainerItemProxy */ = {
			isa = PBXContainerItemProxy;
			containerPortal = 81A20D9C2551054C003BBEBC /* Project object */;
			proxyType = 1;
			remoteGlobalIDString = 81A20DA32551054C003BBEBC;
			remoteInfo = Wallamarvel;
		};
		81A20DC62551054E003BBEBC /* PBXContainerItemProxy */ = {
			isa = PBXContainerItemProxy;
			containerPortal = 81A20D9C2551054C003BBEBC /* Project object */;
			proxyType = 1;
			remoteGlobalIDString = 81A20DA32551054C003BBEBC;
			remoteInfo = Wallamarvel;
		};
/* End PBXContainerItemProxy section */

/* Begin PBXFileReference section */
		81A20DA42551054C003BBEBC /* Wallamarvel.app */ = {isa = PBXFileReference; explicitFileType = wrapper.application; includeInIndex = 0; path = Wallamarvel.app; sourceTree = BUILT_PRODUCTS_DIR; };
		81A20DA72551054C003BBEBC /* AppDelegate.swift */ = {isa = PBXFileReference; lastKnownFileType = sourcecode.swift; path = AppDelegate.swift; sourceTree = "<group>"; };
		81A20DA92551054C003BBEBC /* SceneDelegate.swift */ = {isa = PBXFileReference; lastKnownFileType = sourcecode.swift; path = SceneDelegate.swift; sourceTree = "<group>"; };
		81A20DAB2551054C003BBEBC /* ViewController.swift */ = {isa = PBXFileReference; lastKnownFileType = sourcecode.swift; path = ViewController.swift; sourceTree = "<group>"; };
		81A20DAE2551054C003BBEBC /* Base */ = {isa = PBXFileReference; lastKnownFileType = file.storyboard; name = Base; path = Base.lproj/Main.storyboard; sourceTree = "<group>"; };
		81A20DB02551054E003BBEBC /* Assets.xcassets */ = {isa = PBXFileReference; lastKnownFileType = folder.assetcatalog; path = Assets.xcassets; sourceTree = "<group>"; };
		81A20DB32551054E003BBEBC /* Base */ = {isa = PBXFileReference; lastKnownFileType = file.storyboard; name = Base; path = Base.lproj/LaunchScreen.storyboard; sourceTree = "<group>"; };
		81A20DB52551054E003BBEBC /* Info.plist */ = {isa = PBXFileReference; lastKnownFileType = text.plist.xml; path = Info.plist; sourceTree = "<group>"; };
		81A20DBA2551054E003BBEBC /* WallamarvelTests.xctest */ = {isa = PBXFileReference; explicitFileType = wrapper.cfbundle; includeInIndex = 0; path = WallamarvelTests.xctest; sourceTree = BUILT_PRODUCTS_DIR; };
		81A20DBE2551054E003BBEBC /* WallamarvelTests.swift */ = {isa = PBXFileReference; lastKnownFileType = sourcecode.swift; path = WallamarvelTests.swift; sourceTree = "<group>"; };
		81A20DC02551054E003BBEBC /* Info.plist */ = {isa = PBXFileReference; lastKnownFileType = text.plist.xml; path = Info.plist; sourceTree = "<group>"; };
		81A20DC52551054E003BBEBC /* WallamarvelUITests.xctest */ = {isa = PBXFileReference; explicitFileType = wrapper.cfbundle; includeInIndex = 0; path = WallamarvelUITests.xctest; sourceTree = BUILT_PRODUCTS_DIR; };
		81A20DC92551054E003BBEBC /* WallamarvelUITests.swift */ = {isa = PBXFileReference; lastKnownFileType = sourcecode.swift; path = WallamarvelUITests.swift; sourceTree = "<group>"; };
		81A20DCB2551054E003BBEBC /* Info.plist */ = {isa = PBXFileReference; lastKnownFileType = text.plist.xml; path = Info.plist; sourceTree = "<group>"; };
/* End PBXFileReference section */

/* Begin PBXFrameworksBuildPhase section */
		81A20DA12551054C003BBEBC /* Frameworks */ = {
			isa = PBXFrameworksBuildPhase;
			buildActionMask = 2147483647;
			files = (
			);
			runOnlyForDeploymentPostprocessing = 0;
		};
		81A20DB72551054E003BBEBC /* Frameworks */ = {
			isa = PBXFrameworksBuildPhase;
			buildActionMask = 2147483647;
			files = (
			);
			runOnlyForDeploymentPostprocessing = 0;
		};
		81A20DC22551054E003BBEBC /* Frameworks */ = {
			isa = PBXFrameworksBuildPhase;
			buildActionMask = 2147483647;
			files = (
			);
			runOnlyForDeploymentPostprocessing = 0;
		};
/* End PBXFrameworksBuildPhase section */

/* Begin PBXGroup section */
		81A20D9B2551054C003BBEBC = {
			isa = PBXGroup;
			children = (
				81A20DA62551054C003BBEBC /* Wallamarvel */,
				81A20DBD2551054E003BBEBC /* WallamarvelTests */,
				81A20DC82551054E003BBEBC /* WallamarvelUITests */,
				81A20DA52551054C003BBEBC /* Products */,
			);
			sourceTree = "<group>";
		};
		81A20DA52551054C003BBEBC /* Products */ = {
			isa = PBXGroup;
			children = (
				81A20DA42551054C003BBEBC /* Wallamarvel.app */,
				81A20DBA2551054E003BBEBC /* WallamarvelTests.xctest */,
				81A20DC52551054E003BBEBC /* WallamarvelUITests.xctest */,
			);
			name = Products;
			sourceTree = "<group>";
		};
		81A20DA62551054C003BBEBC /* Wallamarvel */ = {
			isa = PBXGroup;
			children = (
				81A20DA72551054C003BBEBC /* AppDelegate.swift */,
				81A20DA92551054C003BBEBC /* SceneDelegate.swift */,
				81A20DAB2551054C003BBEBC /* ViewController.swift */,
				81A20DAD2551054C003BBEBC /* Main.storyboard */,
				81A20DB02551054E003BBEBC /* Assets.xcassets */,
				81A20DB22551054E003BBEBC /* LaunchScreen.storyboard */,
				81A20DB52551054E003BBEBC /* Info.plist */,
			);
			path = Wallamarvel;
			sourceTree = "<group>";
		};
		81A20DBD2551054E003BBEBC /* WallamarvelTests */ = {
			isa = PBXGroup;
			children = (
				81A20DBE2551054E003BBEBC /* WallamarvelTests.swift */,
				81A20DC02551054E003BBEBC /* Info.plist */,
			);
			path = WallamarvelTests;
			sourceTree = "<group>";
		};
		81A20DC82551054E003BBEBC /* WallamarvelUITests */ = {
			isa = PBXGroup;
			children = (
				81A20DC92551054E003BBEBC /* WallamarvelUITests.swift */,
				81A20DCB2551054E003BBEBC /* Info.plist */,
			);
			path = WallamarvelUITests;
			sourceTree = "<group>";
		};
/* End PBXGroup section */

/* Begin PBXNativeTarget section */
		81A20DA32551054C003BBEBC /* Wallamarvel */ = {
			isa = PBXNativeTarget;
			buildConfigurationList = 81A20DCE2551054E003BBEBC /* Build configuration list for PBXNativeTarget "Wallamarvel" */;
			buildPhases = (
				81A20DA02551054C003BBEBC /* Sources */,
				81A20DA12551054C003BBEBC /* Frameworks */,
				81A20DA22551054C003BBEBC /* Resources */,
			);
			buildRules = (
			);
			dependencies = (
			);
			name = Wallamarvel;
			productName = Wallamarvel;
			productReference = 81A20DA42551054C003BBEBC /* Wallamarvel.app */;
			productType = "com.apple.product-type.application";
		};
		81A20DB92551054E003BBEBC /* WallamarvelTests */ = {
			isa = PBXNativeTarget;
			buildConfigurationList = 81A20DD12551054E003BBEBC /* Build configuration list for PBXNativeTarget "WallamarvelTests" */;
			buildPhases = (
				81A20DB62551054E003BBEBC /* Sources */,
				81A20DB72551054E003BBEBC /* Frameworks */,
				81A20DB82551054E003BBEBC /* Resources */,
			);
			buildRules = (
			);
			dependencies = (
				81A20DBC2551054E003BBEBC /* PBXTargetDependency */,
			);
			name = WallamarvelTests;
			productName = WallamarvelTests;
			productReference = 81A20DBA2551054E003BBEBC /* WallamarvelTests.xctest */;
			productType = "com.apple.product-type.bundle.unit-test";
		};
		81A20DC42551054E003BBEBC /* WallamarvelUITests */ = {
			isa = PBXNativeTarget;
			buildConfigurationList = 81A20DD42551054E003BBEBC /* Build configuration list for PBXNativeTarget "WallamarvelUITests" */;
			buildPhases = (
				81A20DC12551054E003BBEBC /* Sources */,
				81A20DC22551054E003BBEBC /* Frameworks */,
				81A20DC32551054E003BBEBC /* Resources */,
			);
			buildRules = (
			);
			dependencies = (
				81A20DC72551054E003BBEBC /* PBXTargetDependency */,
			);
			name = WallamarvelUITests;
			productName = WallamarvelUITests;
			productReference = 81A20DC52551054E003BBEBC /* WallamarvelUITests.xctest */;
			productType = "com.apple.product-type.bundle.ui-testing";
		};
/* End PBXNativeTarget section */

/* Begin PBXProject section */
		81A20D9C2551054C003BBEBC /* Project object */ = {
			isa = PBXProject;
			attributes = {
				LastSwiftUpdateCheck = 1210;
				LastUpgradeCheck = 1210;
				TargetAttributes = {
					81A20DA32551054C003BBEBC = {
						CreatedOnToolsVersion = 12.1;
					};
					81A20DB92551054E003BBEBC = {
						CreatedOnToolsVersion = 12.1;
						TestTargetID = 81A20DA32551054C003BBEBC;
					};
					81A20DC42551054E003BBEBC = {
						CreatedOnToolsVersion = 12.1;
						TestTargetID = 81A20DA32551054C003BBEBC;
					};
				};
			};
			buildConfigurationList = 81A20D9F2551054C003BBEBC /* Build configuration list for PBXProject "Wallamarvel" */;
			compatibilityVersion = "Xcode 9.3";
			developmentRegion = en;
			hasScannedForEncodings = 0;
			knownRegions = (
				en,
				Base,
			);
			mainGroup = 81A20D9B2551054C003BBEBC;
			productRefGroup = 81A20DA52551054C003BBEBC /* Products */;
			projectDirPath = "";
			projectRoot = "";
			targets = (
				81A20DA32551054C003BBEBC /* Wallamarvel */,
				81A20DB92551054E003BBEBC /* WallamarvelTests */,
				81A20DC42551054E003BBEBC /* WallamarvelUITests */,
			);
		};
/* End PBXProject section */

/* Begin PBXResourcesBuildPhase section */
		81A20DA22551054C003BBEBC /* Resources */ = {
			isa = PBXResourcesBuildPhase;
			buildActionMask = 2147483647;
			files = (
				81A20DB42551054E003BBEBC /* LaunchScreen.storyboard in Resources */,
				81A20DB12551054E003BBEBC /* Assets.xcassets in Resources */,
				81A20DAF2551054C003BBEBC /* Main.storyboard in Resources */,
			);
			runOnlyForDeploymentPostprocessing = 0;
		};
		81A20DB82551054E003BBEBC /* Resources */ = {
			isa = PBXResourcesBuildPhase;
			buildActionMask = 2147483647;
			files = (
			);
			runOnlyForDeploymentPostprocessing = 0;
		};
		81A20DC32551054E003BBEBC /* Resources */ = {
			isa = PBXResourcesBuildPhase;
			buildActionMask = 2147483647;
			files = (
			);
			runOnlyForDeploymentPostprocessing = 0;
		};
/* End PBXResourcesBuildPhase section */

/* Begin PBXSourcesBuildPhase section */
		81A20DA02551054C003BBEBC /* Sources */ = {
			isa = PBXSourcesBuildPhase;
			buildActionMask = 2147483647;
			files = (
				81A20DAC2551054C003BBEBC /* ViewController.swift in Sources */,
				81A20DA82551054C003BBEBC /* AppDelegate.swift in Sources */,
				81A20DAA2551054C003BBEBC /* SceneDelegate.swift in Sources */,
			);
			runOnlyForDeploymentPostprocessing = 0;
		};
		81A20DB62551054E003BBEBC /* Sources */ = {
			isa = PBXSourcesBuildPhase;
			buildActionMask = 2147483647;
			files = (
				81A20DBF2551054E003BBEBC /* WallamarvelTests.swift in Sources */,
			);
			runOnlyForDeploymentPostprocessing = 0;
		};
		81A20DC12551054E003BBEBC /* Sources */ = {
			isa = PBXSourcesBuildPhase;
			buildActionMask = 2147483647;
			files = (
				81A20DCA2551054E003BBEBC /* WallamarvelUITests.swift in Sources */,
			);
			runOnlyForDeploymentPostprocessing = 0;
		};
/* End PBXSourcesBuildPhase section */

/* Begin PBXTargetDependency section */
		81A20DBC2551054E003BBEBC /* PBXTargetDependency */ = {
			isa = PBXTargetDependency;
			target = 81A20DA32551054C003BBEBC /* Wallamarvel */;
			targetProxy = 81A20DBB2551054E003BBEBC /* PBXContainerItemProxy */;
		};
		81A20DC72551054E003BBEBC /* PBXTargetDependency */ = {
			isa = PBXTargetDependency;
			target = 81A20DA32551054C003BBEBC /* Wallamarvel */;
			targetProxy = 81A20DC62551054E003BBEBC /* PBXContainerItemProxy */;
		};
/* End PBXTargetDependency section */

/* Begin PBXVariantGroup section */
		81A20DAD2551054C003BBEBC /* Main.storyboard */ = {
			isa = PBXVariantGroup;
			children = (
				81A20DAE2551054C003BBEBC /* Base */,
			);
			name = Main.storyboard;
			sourceTree = "<group>";
		};
		81A20DB22551054E003BBEBC /* LaunchScreen.storyboard */ = {
			isa = PBXVariantGroup;
			children = (
				81A20DB32551054E003BBEBC /* Base */,
			);
			name = LaunchScreen.storyboard;
			sourceTree = "<group>";
		};
/* End PBXVariantGroup section */

/* Begin XCBuildConfiguration section */
		81A20DCC2551054E003BBEBC /* Debug */ = {
			isa = XCBuildConfiguration;
			buildSettings = {
				ALWAYS_SEARCH_USER_PATHS = NO;
				CLANG_ANALYZER_NONNULL = YES;
				CLANG_ANALYZER_NUMBER_OBJECT_CONVERSION = YES_AGGRESSIVE;
				CLANG_CXX_LANGUAGE_STANDARD = "gnu++14";
				CLANG_CXX_LIBRARY = "libc++";
				CLANG_ENABLE_MODULES = YES;
				CLANG_ENABLE_OBJC_ARC = YES;
				CLANG_ENABLE_OBJC_WEAK = YES;
				CLANG_WARN_BLOCK_CAPTURE_AUTORELEASING = YES;
				CLANG_WARN_BOOL_CONVERSION = YES;
				CLANG_WARN_COMMA = YES;
				CLANG_WARN_CONSTANT_CONVERSION = YES;
				CLANG_WARN_DEPRECATED_OBJC_IMPLEMENTATIONS = YES;
				CLANG_WARN_DIRECT_OBJC_ISA_USAGE = YES_ERROR;
				CLANG_WARN_DOCUMENTATION_COMMENTS = YES;
				CLANG_WARN_EMPTY_BODY = YES;
				CLANG_WARN_ENUM_CONVERSION = YES;
				CLANG_WARN_INFINITE_RECURSION = YES;
				CLANG_WARN_INT_CONVERSION = YES;
				CLANG_WARN_NON_LITERAL_NULL_CONVERSION = YES;
				CLANG_WARN_OBJC_IMPLICIT_RETAIN_SELF = YES;
				CLANG_WARN_OBJC_LITERAL_CONVERSION = YES;
				CLANG_WARN_OBJC_ROOT_CLASS = YES_ERROR;
				CLANG_WARN_QUOTED_INCLUDE_IN_FRAMEWORK_HEADER = YES;
				CLANG_WARN_RANGE_LOOP_ANALYSIS = YES;
				CLANG_WARN_STRICT_PROTOTYPES = YES;
				CLANG_WARN_SUSPICIOUS_MOVE = YES;
				CLANG_WARN_UNGUARDED_AVAILABILITY = YES_AGGRESSIVE;
				CLANG_WARN_UNREACHABLE_CODE = YES;
				CLANG_WARN__DUPLICATE_METHOD_MATCH = YES;
				COPY_PHASE_STRIP = NO;
				DEBUG_INFORMATION_FORMAT = dwarf;
				ENABLE_STRICT_OBJC_MSGSEND = YES;
				ENABLE_TESTABILITY = YES;
				GCC_C_LANGUAGE_STANDARD = gnu11;
				GCC_DYNAMIC_NO_PIC = NO;
				GCC_NO_COMMON_BLOCKS = YES;
				GCC_OPTIMIZATION_LEVEL = 0;
				GCC_PREPROCESSOR_DEFINITIONS = (
					"DEBUG=1",
					"$(inherited)",
				);
				GCC_WARN_64_TO_32_BIT_CONVERSION = YES;
				GCC_WARN_ABOUT_RETURN_TYPE = YES_ERROR;
				GCC_WARN_UNDECLARED_SELECTOR = YES;
				GCC_WARN_UNINITIALIZED_AUTOS = YES_AGGRESSIVE;
				GCC_WARN_UNUSED_FUNCTION = YES;
				GCC_WARN_UNUSED_VARIABLE = YES;
				IPHONEOS_DEPLOYMENT_TARGET = 14.1;
				MTL_ENABLE_DEBUG_INFO = INCLUDE_SOURCE;
				MTL_FAST_MATH = YES;
				ONLY_ACTIVE_ARCH = YES;
				SDKROOT = iphoneos;
				SWIFT_ACTIVE_COMPILATION_CONDITIONS = DEBUG;
				SWIFT_OPTIMIZATION_LEVEL = "-Onone";
			};
			name = Debug;
		};
		81A20DCD2551054E003BBEBC /* Release */ = {
			isa = XCBuildConfiguration;
			buildSettings = {
				ALWAYS_SEARCH_USER_PATHS = NO;
				CLANG_ANALYZER_NONNULL = YES;
				CLANG_ANALYZER_NUMBER_OBJECT_CONVERSION = YES_AGGRESSIVE;
				CLANG_CXX_LANGUAGE_STANDARD = "gnu++14";
				CLANG_CXX_LIBRARY = "libc++";
				CLANG_ENABLE_MODULES = YES;
				CLANG_ENABLE_OBJC_ARC = YES;
				CLANG_ENABLE_OBJC_WEAK = YES;
				CLANG_WARN_BLOCK_CAPTURE_AUTORELEASING = YES;
				CLANG_WARN_BOOL_CONVERSION = YES;
				CLANG_WARN_COMMA = YES;
				CLANG_WARN_CONSTANT_CONVERSION = YES;
				CLANG_WARN_DEPRECATED_OBJC_IMPLEMENTATIONS = YES;
				CLANG_WARN_DIRECT_OBJC_ISA_USAGE = YES_ERROR;
				CLANG_WARN_DOCUMENTATION_COMMENTS = YES;
				CLANG_WARN_EMPTY_BODY = YES;
				CLANG_WARN_ENUM_CONVERSION = YES;
				CLANG_WARN_INFINITE_RECURSION = YES;
				CLANG_WARN_INT_CONVERSION = YES;
				CLANG_WARN_NON_LITERAL_NULL_CONVERSION = YES;
				CLANG_WARN_OBJC_IMPLICIT_RETAIN_SELF = YES;
				CLANG_WARN_OBJC_LITERAL_CONVERSION = YES;
				CLANG_WARN_OBJC_ROOT_CLASS = YES_ERROR;
				CLANG_WARN_QUOTED_INCLUDE_IN_FRAMEWORK_HEADER = YES;
				CLANG_WARN_RANGE_LOOP_ANALYSIS = YES;
				CLANG_WARN_STRICT_PROTOTYPES = YES;
				CLANG_WARN_SUSPICIOUS_MOVE = YES;
				CLANG_WARN_UNGUARDED_AVAILABILITY = YES_AGGRESSIVE;
				CLANG_WARN_UNREACHABLE_CODE = YES;
				CLANG_WARN__DUPLICATE_METHOD_MATCH = YES;
				COPY_PHASE_STRIP = NO;
				DEBUG_INFORMATION_FORMAT = "dwarf-with-dsym";
				ENABLE_NS_ASSERTIONS = NO;
				ENABLE_STRICT_OBJC_MSGSEND = YES;
				GCC_C_LANGUAGE_STANDARD = gnu11;
				GCC_NO_COMMON_BLOCKS = YES;
				GCC_WARN_64_TO_32_BIT_CONVERSION = YES;
				GCC_WARN_ABOUT_RETURN_TYPE = YES_ERROR;
				GCC_WARN_UNDECLARED_SELECTOR = YES;
				GCC_WARN_UNINITIALIZED_AUTOS = YES_AGGRESSIVE;
				GCC_WARN_UNUSED_FUNCTION = YES;
				GCC_WARN_UNUSED_VARIABLE = YES;
				IPHONEOS_DEPLOYMENT_TARGET = 14.1;
				MTL_ENABLE_DEBUG_INFO = NO;
				MTL_FAST_MATH = YES;
				SDKROOT = iphoneos;
				SWIFT_COMPILATION_MODE = wholemodule;
				SWIFT_OPTIMIZATION_LEVEL = "-O";
				VALIDATE_PRODUCT = YES;
			};
			name = Release;
		};
		81A20DCF2551054E003BBEBC /* Debug */ = {
			isa = XCBuildConfiguration;
			buildSettings = {
				ASSETCATALOG_COMPILER_APPICON_NAME = AppIcon;
				ASSETCATALOG_COMPILER_GLOBAL_ACCENT_COLOR_NAME = AccentColor;
				CODE_SIGN_STYLE = Automatic;
				DEVELOPMENT_TEAM = ZV4G4K6D9Y;
				INFOPLIST_FILE = Wallamarvel/Info.plist;
				LD_RUNPATH_SEARCH_PATHS = (
					"$(inherited)",
					"@executable_path/Frameworks",
				);
				PRODUCT_BUNDLE_IDENTIFIER = com.juanvillaescusa.Wallamarvel;
				PRODUCT_NAME = "$(TARGET_NAME)";
				SWIFT_VERSION = 5.0;
				TARGETED_DEVICE_FAMILY = "1,2";
			};
			name = Debug;
		};
		81A20DD02551054E003BBEBC /* Release */ = {
			isa = XCBuildConfiguration;
			buildSettings = {
				ASSETCATALOG_COMPILER_APPICON_NAME = AppIcon;
				ASSETCATALOG_COMPILER_GLOBAL_ACCENT_COLOR_NAME = AccentColor;
				CODE_SIGN_STYLE = Automatic;
				DEVELOPMENT_TEAM = ZV4G4K6D9Y;
				INFOPLIST_FILE = Wallamarvel/Info.plist;
				LD_RUNPATH_SEARCH_PATHS = (
					"$(inherited)",
					"@executable_path/Frameworks",
				);
				PRODUCT_BUNDLE_IDENTIFIER = com.juanvillaescusa.Wallamarvel;
				PRODUCT_NAME = "$(TARGET_NAME)";
				SWIFT_VERSION = 5.0;
				TARGETED_DEVICE_FAMILY = "1,2";
			};
			name = Release;
		};
		81A20DD22551054E003BBEBC /* Debug */ = {
			isa = XCBuildConfiguration;
			buildSettings = {
				ALWAYS_EMBED_SWIFT_STANDARD_LIBRARIES = YES;
				BUNDLE_LOADER = "$(TEST_HOST)";
				CODE_SIGN_STYLE = Automatic;
				DEVELOPMENT_TEAM = ZV4G4K6D9Y;
				INFOPLIST_FILE = WallamarvelTests/Info.plist;
				IPHONEOS_DEPLOYMENT_TARGET = 14.1;
				LD_RUNPATH_SEARCH_PATHS = (
					"$(inherited)",
					"@executable_path/Frameworks",
					"@loader_path/Frameworks",
				);
				PRODUCT_BUNDLE_IDENTIFIER = com.juanvillaescusa.WallamarvelTests;
				PRODUCT_NAME = "$(TARGET_NAME)";
				SWIFT_VERSION = 5.0;
				TARGETED_DEVICE_FAMILY = "1,2";
				TEST_HOST = "$(BUILT_PRODUCTS_DIR)/Wallamarvel.app/Wallamarvel";
			};
			name = Debug;
		};
		81A20DD32551054E003BBEBC /* Release */ = {
			isa = XCBuildConfiguration;
			buildSettings = {
				ALWAYS_EMBED_SWIFT_STANDARD_LIBRARIES = YES;
				BUNDLE_LOADER = "$(TEST_HOST)";
				CODE_SIGN_STYLE = Automatic;
				DEVELOPMENT_TEAM = ZV4G4K6D9Y;
				INFOPLIST_FILE = WallamarvelTests/Info.plist;
				IPHONEOS_DEPLOYMENT_TARGET = 14.1;
				LD_RUNPATH_SEARCH_PATHS = (
					"$(inherited)",
					"@executable_path/Frameworks",
					"@loader_path/Frameworks",
				);
				PRODUCT_BUNDLE_IDENTIFIER = com.juanvillaescusa.WallamarvelTests;
				PRODUCT_NAME = "$(TARGET_NAME)";
				SWIFT_VERSION = 5.0;
				TARGETED_DEVICE_FAMILY = "1,2";
				TEST_HOST = "$(BUILT_PRODUCTS_DIR)/Wallamarvel.app/Wallamarvel";
			};
			name = Release;
		};
		81A20DD52551054E003BBEBC /* Debug */ = {
			isa = XCBuildConfiguration;
			buildSettings = {
				ALWAYS_EMBED_SWIFT_STANDARD_LIBRARIES = YES;
				CODE_SIGN_STYLE = Automatic;
				DEVELOPMENT_TEAM = ZV4G4K6D9Y;
				INFOPLIST_FILE = WallamarvelUITests/Info.plist;
				LD_RUNPATH_SEARCH_PATHS = (
					"$(inherited)",
					"@executable_path/Frameworks",
					"@loader_path/Frameworks",
				);
				PRODUCT_BUNDLE_IDENTIFIER = com.juanvillaescusa.WallamarvelUITests;
				PRODUCT_NAME = "$(TARGET_NAME)";
				SWIFT_VERSION = 5.0;
				TARGETED_DEVICE_FAMILY = "1,2";
				TEST_TARGET_NAME = Wallamarvel;
			};
			name = Debug;
		};
		81A20DD62551054E003BBEBC /* Release */ = {
			isa = XCBuildConfiguration;
			buildSettings = {
				ALWAYS_EMBED_SWIFT_STANDARD_LIBRARIES = YES;
				CODE_SIGN_STYLE = Automatic;
				DEVELOPMENT_TEAM = ZV4G4K6D9Y;
				INFOPLIST_FILE = WallamarvelUITests/Info.plist;
				LD_RUNPATH_SEARCH_PATHS = (
					"$(inherited)",
					"@executable_path/Frameworks",
					"@loader_path/Frameworks",
				);
				PRODUCT_BUNDLE_IDENTIFIER = com.juanvillaescusa.WallamarvelUITests;
				PRODUCT_NAME = "$(TARGET_NAME)";
				SWIFT_VERSION = 5.0;
				TARGETED_DEVICE_FAMILY = "1,2";
				TEST_TARGET_NAME = Wallamarvel;
			};
			name = Release;
		};
/* End XCBuildConfiguration section */

/* Begin XCConfigurationList section */
		81A20D9F2551054C003BBEBC /* Build configuration list for PBXProject "Wallamarvel" */ = {
			isa = XCConfigurationList;
			buildConfigurations = (
				81A20DCC2551054E003BBEBC /* Debug */,
				81A20DCD2551054E003BBEBC /* Release */,
			);
			defaultConfigurationIsVisible = 0;
			defaultConfigurationName = Release;
		};
		81A20DCE2551054E003BBEBC /* Build configuration list for PBXNativeTarget "Wallamarvel" */ = {
			isa = XCConfigurationList;
			buildConfigurations = (
				81A20DCF2551054E003BBEBC /* Debug */,
				81A20DD02551054E003BBEBC /* Release */,
			);
			defaultConfigurationIsVisible = 0;
			defaultConfigurationName = Release;
		};
		81A20DD12551054E003BBEBC /* Build configuration list for PBXNativeTarget "WallamarvelTests" */ = {
			isa = XCConfigurationList;
			buildConfigurations = (
				81A20DD22551054E003BBEBC /* Debug */,
				81A20DD32551054E003BBEBC /* Release */,
			);
			defaultConfigurationIsVisible = 0;
			defaultConfigurationName = Release;
		};
		81A20DD42551054E003BBEBC /* Build configuration list for PBXNativeTarget "WallamarvelUITests" */ = {
			isa = XCConfigurationList;
			buildConfigurations = (
				81A20DD52551054E003BBEBC /* Debug */,
				81A20DD62551054E003BBEBC /* Release */,
			);
			defaultConfigurationIsVisible = 0;
			defaultConfigurationName = Release;
		};
/* End XCConfigurationList section */
	};
	rootObject = 81A20D9C2551054C003BBEBC /* Project object */;
}
